
Microsoft Visual Studio Solution File, Format Version 12.00
# Visual Studio 15
VisualStudioVersion = 15.0.28307.421
MinimumVisualStudioVersion = 10.0.40219.1
Project("{FAE04EC0-301F-11D3-BF4B-00C04F79EFBC}") = "FamilyDictionary", "FamilyDictionary\FamilyDictionary.csproj", "{35FFE006-677D-47C2-82B2-0B60A3A5B7FF}"
EndProject
Global
	GlobalSection(SolutionConfigurationPlatforms) = preSolution
		Debug|Any CPU = Debug|Any CPU
		Release|Any CPU = Release|Any CPU
	EndGlobalSection
	GlobalSection(ProjectConfigurationPlatforms) = postSolution
		{35FFE006-677D-47C2-82B2-0B60A3A5B7FF}.Debug|Any CPU.ActiveCfg = Debug|Any CPU
		{35FFE006-677D-47C2-82B2-0B60A3A5B7FF}.Debug|Any CPU.Build.0 = Debug|Any CPU
		{35FFE006-677D-47C2-82B2-0B60A3A5B7FF}.Release|Any CPU.ActiveCfg = Release|Any CPU
		{35FFE006-677D-47C2-82B2-0B60A3A5B7FF}.Release|Any CPU.Build.0 = Release|Any CPU
	EndGlobalSection
	GlobalSection(SolutionProperties) = preSolution
		HideSolutionNode = FALSE
	EndGlobalSection
	GlobalSection(ExtensibilityGlobals) = postSolution
		SolutionGuid = {E89CD1B1-92F5-4F43-B188-4ABE23B05581}
	EndGlobalSection
EndGlobal
